
Microsoft Visual Studio Solution File, Format Version 12.00
# Visual Studio Version 16
VisualStudioVersion = 16.0.808.4
MinimumVisualStudioVersion = 10.0.40219.1
Project("{2150E333-8FDC-42A3-9474-1A3956D46DE8}") = "src", "src", "{4E25C132-FFFB-479D-9385-44D50B571346}"
EndProject
Project("{2150E333-8FDC-42A3-9474-1A3956D46DE8}") = "tests", "tests", "{CA79BB09-3087-43F7-96F2-62D73084E20F}"
EndProject
Project("{FAE04EC0-301F-11D3-BF4B-00C04F79EFBC}") = "Clubber.Domain", "Clubber.Domain\Clubber.Domain.csproj", "{97373321-AEA7-4B88-AE56-B2225EEA7B70}"
EndProject
Project("{FAE04EC0-301F-11D3-BF4B-00C04F79EFBC}") = "Clubber.UnitTests", "Clubber.UnitTests\Clubber.UnitTests.csproj", "{8306CD11-D242-4EEE-A536-A8F8CC5E5616}"
EndProject
Project("{FAE04EC0-301F-11D3-BF4B-00C04F79EFBC}") = "Clubber.Discord", "Clubber.Discord\Clubber.Discord.csproj", "{E1059DA1-E872-49A1-B73A-6596CB861E89}"
EndProject
Project("{FAE04EC0-301F-11D3-BF4B-00C04F79EFBC}") = "Clubber.Web", "Clubber.Web\Clubber.Web.csproj", "{EAC4F5C3-4E43-4DF1-8501-AF2BE23F55D0}"
EndProject
Global
	GlobalSection(SolutionConfigurationPlatforms) = preSolution
		Debug|Any CPU = Debug|Any CPU
		Release|Any CPU = Release|Any CPU
	EndGlobalSection
	GlobalSection(ProjectConfigurationPlatforms) = postSolution
		{97373321-AEA7-4B88-AE56-B2225EEA7B70}.Debug|Any CPU.ActiveCfg = Debug|Any CPU
		{97373321-AEA7-4B88-AE56-B2225EEA7B70}.Debug|Any CPU.Build.0 = Debug|Any CPU
		{97373321-AEA7-4B88-AE56-B2225EEA7B70}.Release|Any CPU.ActiveCfg = Release|Any CPU
		{97373321-AEA7-4B88-AE56-B2225EEA7B70}.Release|Any CPU.Build.0 = Release|Any CPU
		{8306CD11-D242-4EEE-A536-A8F8CC5E5616}.Debug|Any CPU.ActiveCfg = Debug|Any CPU
		{8306CD11-D242-4EEE-A536-A8F8CC5E5616}.Debug|Any CPU.Build.0 = Debug|Any CPU
		{8306CD11-D242-4EEE-A536-A8F8CC5E5616}.Release|Any CPU.ActiveCfg = Release|Any CPU
		{8306CD11-D242-4EEE-A536-A8F8CC5E5616}.Release|Any CPU.Build.0 = Release|Any CPU
		{E1059DA1-E872-49A1-B73A-6596CB861E89}.Debug|Any CPU.ActiveCfg = Debug|Any CPU
		{E1059DA1-E872-49A1-B73A-6596CB861E89}.Debug|Any CPU.Build.0 = Debug|Any CPU
		{E1059DA1-E872-49A1-B73A-6596CB861E89}.Release|Any CPU.ActiveCfg = Release|Any CPU
		{E1059DA1-E872-49A1-B73A-6596CB861E89}.Release|Any CPU.Build.0 = Release|Any CPU
		{EAC4F5C3-4E43-4DF1-8501-AF2BE23F55D0}.Debug|Any CPU.ActiveCfg = Debug|Any CPU
		{EAC4F5C3-4E43-4DF1-8501-AF2BE23F55D0}.Debug|Any CPU.Build.0 = Debug|Any CPU
		{EAC4F5C3-4E43-4DF1-8501-AF2BE23F55D0}.Release|Any CPU.ActiveCfg = Release|Any CPU
		{EAC4F5C3-4E43-4DF1-8501-AF2BE23F55D0}.Release|Any CPU.Build.0 = Release|Any CPU
	EndGlobalSection
	GlobalSection(SolutionProperties) = preSolution
		HideSolutionNode = FALSE
	EndGlobalSection
	GlobalSection(ExtensibilityGlobals) = postSolution
		SolutionGuid = {F5C75D96-99E6-4DF4-BE6F-1BE9388335E0}
	EndGlobalSection
	GlobalSection(NestedProjects) = preSolution
		{97373321-AEA7-4B88-AE56-B2225EEA7B70} = {4E25C132-FFFB-479D-9385-44D50B571346}
		{8306CD11-D242-4EEE-A536-A8F8CC5E5616} = {CA79BB09-3087-43F7-96F2-62D73084E20F}
		{E1059DA1-E872-49A1-B73A-6596CB861E89} = {4E25C132-FFFB-479D-9385-44D50B571346}
		{EAC4F5C3-4E43-4DF1-8501-AF2BE23F55D0} = {4E25C132-FFFB-479D-9385-44D50B571346}
	EndGlobalSection
EndGlobal
