
Microsoft Visual Studio Solution File, Format Version 12.00
# Visual Studio Version 16
VisualStudioVersion = 16.0.30406.217
MinimumVisualStudioVersion = 15.0.26124.0
Project("{9A19103F-16F7-4668-BE54-9A1E7A4F7556}") = "Clubber", "Clubber\Clubber.csproj", "{42592D67-60EF-46C2-AAF7-2D5CE0A99197}"
EndProject
Project("{9A19103F-16F7-4668-BE54-9A1E7A4F7556}") = "ClubberDatabaseUpdateCron", "ClubberDatabaseUpdateCron\ClubberDatabaseUpdateCron.csproj", "{6C9B2426-A58E-4880-B1D4-B00A44C845E2}"
EndProject
Global
	GlobalSection(SolutionConfigurationPlatforms) = preSolution
		Debug|Any CPU = Debug|Any CPU
		Release|Any CPU = Release|Any CPU
	EndGlobalSection
	GlobalSection(ProjectConfigurationPlatforms) = postSolution
		{42592D67-60EF-46C2-AAF7-2D5CE0A99197}.Debug|Any CPU.ActiveCfg = Debug|Any CPU
		{42592D67-60EF-46C2-AAF7-2D5CE0A99197}.Debug|Any CPU.Build.0 = Debug|Any CPU
		{42592D67-60EF-46C2-AAF7-2D5CE0A99197}.Release|Any CPU.ActiveCfg = Release|Any CPU
		{42592D67-60EF-46C2-AAF7-2D5CE0A99197}.Release|Any CPU.Build.0 = Release|Any CPU
		{6C9B2426-A58E-4880-B1D4-B00A44C845E2}.Debug|Any CPU.ActiveCfg = Debug|Any CPU
		{6C9B2426-A58E-4880-B1D4-B00A44C845E2}.Debug|Any CPU.Build.0 = Debug|Any CPU
		{6C9B2426-A58E-4880-B1D4-B00A44C845E2}.Release|Any CPU.ActiveCfg = Release|Any CPU
		{6C9B2426-A58E-4880-B1D4-B00A44C845E2}.Release|Any CPU.Build.0 = Release|Any CPU
	EndGlobalSection
	GlobalSection(SolutionProperties) = preSolution
		HideSolutionNode = FALSE
	EndGlobalSection
	GlobalSection(ExtensibilityGlobals) = postSolution
		SolutionGuid = {16A7CFEA-F7C5-40D7-9F91-8491A1980A08}
	EndGlobalSection
EndGlobal
